{
  "nodes": {
    "nixpkgs": {
      "locked": {
        "lastModified": 1592841122,
        "narHash": "sha256-R91sYcQN/c+0txR3KzmP3LItfnbVv3M7E7atiLUr/ZE=",
        "owner": "NixOS",
        "repo": "nixpkgs",
        "rev": "22a81aa5fc15b2d41b12f7160a71cd4a9f3c3fa1",
        "type": "github"
      },
      "original": {
        "owner": "NixOS",
        "ref": "nixos-unstable",
        "repo": "nixpkgs",
        "type": "github"
      }
    },
    "root": {
      "inputs": {
        "nixpkgs": "nixpkgs",
        "yarn2nix-src": "yarn2nix-src"
      }
    },
    "yarn2nix-src": {
      "flake": false,
      "locked": {
        "lastModified": 1540373548,
        "narHash": "sha256-KGFVEhQ929a+D6lLEmnDdukT3OeWO3Hje2u2qpTZzz0=",
        "owner": "moretea",
        "repo": "yarn2nix",
        "rev": "841b6c67a989952f990e0856da9bb00fe5a60de8",
        "type": "github"
      },
      "original": {
        "owner": "moretea",
        "repo": "yarn2nix",
        "rev": "841b6c67a989952f990e0856da9bb00fe5a60de8",
        "type": "github"
      }
    }
  },
  "root": "root",
  "version": 7
}
