{
  "nodes": {
    "nixpkgs": {
      "locked": {
        "lastModified": 1650161686,
        "narHash": "sha256-70ZWAlOQ9nAZ08OU6WY7n4Ij2kOO199dLfNlvO/+pf8=",
        "owner": "NixOS",
        "repo": "nixpkgs",
        "rev": "1ffba9f2f683063c2b14c9f4d12c55ad5f4ed887",
        "type": "github"
      },
      "original": {
        "owner": "NixOS",
        "ref": "nixos-unstable",
        "repo": "nixpkgs",
        "type": "github"
      }
    },
    "root": {
      "inputs": {
        "nixpkgs": "nixpkgs",
        "yarn2nix-src": "yarn2nix-src"
      }
    },
    "yarn2nix-src": {
      "flake": false,
      "locked": {
        "lastModified": 1540373548,
        "narHash": "sha256-KGFVEhQ929a+D6lLEmnDdukT3OeWO3Hje2u2qpTZzz0=",
        "owner": "moretea",
        "repo": "yarn2nix",
        "rev": "841b6c67a989952f990e0856da9bb00fe5a60de8",
        "type": "github"
      },
      "original": {
        "owner": "moretea",
        "repo": "yarn2nix",
        "rev": "841b6c67a989952f990e0856da9bb00fe5a60de8",
        "type": "github"
      }
    }
  },
  "root": "root",
  "version": 7
}
